// !$*UTF8*$!
{
archiveVersion = 1;
classes = {};
objectVersion = 56;
objects = {

/* Begin PBXBuildFile section */
1F2E3D4C1B2A090807060520 /* SwatchboardApp.swift in Sources */ = {isa = PBXBuildFile; fileRef = 1F2E3D4C1B2A090807060510 /* SwatchboardApp.swift */; };
1F2E3D4C1B2A090807060521 /* ContentView.swift in Sources */ = {isa = PBXBuildFile; fileRef = 1F2E3D4C1B2A090807060511 /* ContentView.swift */; };
1F2E3D4C1B2A090807060522 /* CanvasTemplate.swift in Sources */ = {isa = PBXBuildFile; fileRef = 1F2E3D4C1B2A090807060512 /* CanvasTemplate.swift */; };
1F2E3D4C1B2A090807060523 /* CanvasPhoto.swift in Sources */ = {isa = PBXBuildFile; fileRef = 1F2E3D4C1B2A090807060513 /* CanvasPhoto.swift */; };
1F2E3D4C1B2A090807060524 /* CanvasLayoutMode.swift in Sources */ = {isa = PBXBuildFile; fileRef = 1F2E3D4C1B2A090807060514 /* CanvasLayoutMode.swift */; };
1F2E3D4C1B2A090807060525 /* CanvasViewModel.swift in Sources */ = {isa = PBXBuildFile; fileRef = 1F2E3D4C1B2A090807060515 /* CanvasViewModel.swift */; };
1F2E3D4C1B2A090807060526 /* CanvasPreview.swift in Sources */ = {isa = PBXBuildFile; fileRef = 1F2E3D4C1B2A090807060516 /* CanvasPreview.swift */; };
1F2E3D4C1B2A09080706054A /* CanvasText.swift in Sources */ = {isa = PBXBuildFile; fileRef = 1F2E3D4C1B2A09080706053A /* CanvasText.swift */; };
1F2E3D4C1B2A09080706054B /* CanvasEditorView.swift in Sources */ = {isa = PBXBuildFile; fileRef = 1F2E3D4C1B2A09080706053B /* CanvasEditorView.swift */; };
1F2E3D4C1B2A090807060527 /* Assets.xcassets in Resources */ = {isa = PBXBuildFile; fileRef = 1F2E3D4C1B2A090807060517 /* Assets.xcassets */; };
1F2E3D4C1B2A090807060528 /* Preview Assets.xcassets in Resources */ = {isa = PBXBuildFile; fileRef = 1F2E3D4C1B2A090807060518 /* Preview Assets.xcassets */; };
/* End PBXBuildFile section */

/* Begin PBXFileReference section */
1F2E3D4C1B2A090807060507 /* Swatchboard.app */ = {isa = PBXFileReference; explicitFileType = wrapper.application; includeInIndex = 0; path = Swatchboard.app; sourceTree = BUILT_PRODUCTS_DIR; };
1F2E3D4C1B2A090807060510 /* SwatchboardApp.swift */ = {isa = PBXFileReference; lastKnownFileType = sourcecode.swift; path = SwatchboardApp.swift; sourceTree = "<group>"; };
1F2E3D4C1B2A090807060511 /* ContentView.swift */ = {isa = PBXFileReference; lastKnownFileType = sourcecode.swift; path = ContentView.swift; sourceTree = "<group>"; };
1F2E3D4C1B2A090807060512 /* CanvasTemplate.swift */ = {isa = PBXFileReference; lastKnownFileType = sourcecode.swift; path = CanvasTemplate.swift; sourceTree = "<group>"; };
1F2E3D4C1B2A090807060513 /* CanvasPhoto.swift */ = {isa = PBXFileReference; lastKnownFileType = sourcecode.swift; path = CanvasPhoto.swift; sourceTree = "<group>"; };
1F2E3D4C1B2A090807060514 /* CanvasLayoutMode.swift */ = {isa = PBXFileReference; lastKnownFileType = sourcecode.swift; path = CanvasLayoutMode.swift; sourceTree = "<group>"; };
1F2E3D4C1B2A090807060515 /* CanvasViewModel.swift */ = {isa = PBXFileReference; lastKnownFileType = sourcecode.swift; path = CanvasViewModel.swift; sourceTree = "<group>"; };
1F2E3D4C1B2A090807060516 /* CanvasPreview.swift */ = {isa = PBXFileReference; lastKnownFileType = sourcecode.swift; path = CanvasPreview.swift; sourceTree = "<group>"; };
1F2E3D4C1B2A090807060517 /* Assets.xcassets */ = {isa = PBXFileReference; lastKnownFileType = folder.assetcatalog; path = Assets.xcassets; sourceTree = "<group>"; };
1F2E3D4C1B2A090807060518 /* Preview Assets.xcassets */ = {isa = PBXFileReference; lastKnownFileType = folder.assetcatalog; path = "Preview Assets.xcassets"; sourceTree = "<group>"; };
1F2E3D4C1B2A090807060519 /* Info.plist */ = {isa = PBXFileReference; lastKnownFileType = text.plist.xml; path = Info.plist; sourceTree = "<group>"; };
1F2E3D4C1B2A09080706053A /* CanvasText.swift */ = {isa = PBXFileReference; lastKnownFileType = sourcecode.swift; path = CanvasText.swift; sourceTree = "<group>"; };
1F2E3D4C1B2A09080706053B /* CanvasEditorView.swift */ = {isa = PBXFileReference; lastKnownFileType = sourcecode.swift; path = CanvasEditorView.swift; sourceTree = "<group>"; };
/* End PBXFileReference section */

/* Begin PBXFrameworksBuildPhase section */
1F2E3D4C1B2A09080706050C /* Frameworks */ = {
isa = PBXFrameworksBuildPhase;
buildActionMask = 2147483647;
files = (
);
runOnlyForDeploymentPostprocessing = 0;
};
/* End PBXFrameworksBuildPhase section */

/* Begin PBXGroup section */
1F2E3D4C1B2A090807060505 = {
isa = PBXGroup;
children = (
1F2E3D4C1B2A090807060540 /* Swatchboard */,
1F2E3D4C1B2A090807060547 /* Products */,
);
sourceTree = "<group>";
};
1F2E3D4C1B2A090807060540 /* Swatchboard */ = {
isa = PBXGroup;
children = (
1F2E3D4C1B2A090807060541 /* App */,
1F2E3D4C1B2A090807060542 /* Models */,
1F2E3D4C1B2A090807060543 /* ViewModels */,
1F2E3D4C1B2A090807060544 /* Views */,
1F2E3D4C1B2A090807060545 /* Resources */,
1F2E3D4C1B2A090807060546 /* Preview Content */,
);
path = Swatchboard;
sourceTree = "<group>";
};
1F2E3D4C1B2A090807060541 /* App */ = {
isa = PBXGroup;
children = (
1F2E3D4C1B2A090807060510 /* SwatchboardApp.swift */,
1F2E3D4C1B2A090807060511 /* ContentView.swift */,
);
path = .;
sourceTree = "<group>";
};
1F2E3D4C1B2A090807060542 /* Models */ = {
    isa = PBXGroup;
    children = (
        1F2E3D4C1B2A090807060512 /* CanvasTemplate.swift */,
        1F2E3D4C1B2A090807060513 /* CanvasPhoto.swift */,
        1F2E3D4C1B2A090807060514 /* CanvasLayoutMode.swift */,
        1F2E3D4C1B2A09080706053A /* CanvasText.swift */,
    );
    path = Models;
    sourceTree = "<group>";
};
1F2E3D4C1B2A090807060543 /* ViewModels */ = {
isa = PBXGroup;
children = (
1F2E3D4C1B2A090807060515 /* CanvasViewModel.swift */,
);
path = ViewModels;
sourceTree = "<group>";
};
1F2E3D4C1B2A090807060544 /* Views */ = {
    isa = PBXGroup;
    children = (
        1F2E3D4C1B2A090807060516 /* CanvasPreview.swift */,
        1F2E3D4C1B2A09080706053B /* CanvasEditorView.swift */,
    );
    path = Views;
    sourceTree = "<group>";
};
1F2E3D4C1B2A090807060545 /* Resources */ = {
isa = PBXGroup;
children = (
1F2E3D4C1B2A090807060517 /* Assets.xcassets */,
1F2E3D4C1B2A090807060519 /* Info.plist */,
);
path = Resources;
sourceTree = "<group>";
};
1F2E3D4C1B2A090807060547 /* Products */ = {
isa = PBXGroup;
children = (
1F2E3D4C1B2A090807060507 /* Swatchboard.app */,
);
name = Products;
sourceTree = "<group>";
};
1F2E3D4C1B2A090807060546 /* Preview Content */ = {
isa = PBXGroup;
children = (
1F2E3D4C1B2A090807060518 /* Preview Assets.xcassets */,
);
path = "Preview Content";
sourceTree = "<group>";
};
/* End PBXGroup section */

/* Begin PBXNativeTarget section */
1F2E3D4C1B2A090807060506 /* Swatchboard */ = {
isa = PBXNativeTarget;
buildConfigurationList = 1F2E3D4C1B2A090807060507 /* Build configuration list for PBXNativeTarget "Swatchboard" */;
buildPhases = (
1F2E3D4C1B2A09080706050A /* Sources */,
1F2E3D4C1B2A09080706050C /* Frameworks */,
1F2E3D4C1B2A09080706050B /* Resources */,
);
buildRules = (
);
dependencies = (
);
name = Swatchboard;
productName = Swatchboard;
productReference = 1F2E3D4C1B2A090807060507 /* Swatchboard.app */;
productType = "com.apple.product-type.application";
};
/* End PBXNativeTarget section */

/* Begin PBXProject section */
1F2E3D4C1B2A090807060504 /* Project object */ = {
isa = PBXProject;
attributes = {
LastSwiftUpdateCheck = 1500;
LastUpgradeCheck = 1500;
ORGANIZATIONNAME = "";
TargetAttributes = {
1F2E3D4C1B2A090807060506 = {
CreatedOnToolsVersion = 15.0;
DevelopmentTeam = "";
ProvisioningStyle = Automatic;
};
};
};
buildConfigurationList = 1F2E3D4C1B2A090807060503 /* Build configuration list for PBXProject "Swatchboard" */;
compatibilityVersion = "Xcode 15.0";
developmentRegion = en;
hasScannedForEncodings = 0;
knownRegions = (
en,
);
mainGroup = 1F2E3D4C1B2A090807060505;
productRefGroup = 1F2E3D4C1B2A090807060547;
projectDirPath = "";
projectRoot = "";
targets = (
1F2E3D4C1B2A090807060506 /* Swatchboard */,
);
};
/* End PBXProject section */

/* Begin PBXResourcesBuildPhase section */
1F2E3D4C1B2A09080706050B /* Resources */ = {
isa = PBXResourcesBuildPhase;
buildActionMask = 2147483647;
files = (
1F2E3D4C1B2A090807060527 /* Assets.xcassets in Resources */,
1F2E3D4C1B2A090807060528 /* Preview Assets.xcassets in Resources */,
);
runOnlyForDeploymentPostprocessing = 0;
};
/* End PBXResourcesBuildPhase section */

/* Begin PBXSourcesBuildPhase section */
1F2E3D4C1B2A09080706050A /* Sources */ = {
isa = PBXSourcesBuildPhase;
buildActionMask = 2147483647;
files = (
        1F2E3D4C1B2A090807060526 /* CanvasPreview.swift in Sources */,
        1F2E3D4C1B2A09080706054A /* CanvasText.swift in Sources */,
        1F2E3D4C1B2A09080706054B /* CanvasEditorView.swift in Sources */,
        1F2E3D4C1B2A090807060525 /* CanvasViewModel.swift in Sources */,
1F2E3D4C1B2A090807060522 /* CanvasTemplate.swift in Sources */,
1F2E3D4C1B2A090807060524 /* CanvasLayoutMode.swift in Sources */,
1F2E3D4C1B2A090807060523 /* CanvasPhoto.swift in Sources */,
1F2E3D4C1B2A090807060521 /* ContentView.swift in Sources */,
1F2E3D4C1B2A090807060520 /* SwatchboardApp.swift in Sources */,
);
runOnlyForDeploymentPostprocessing = 0;
};
/* End PBXSourcesBuildPhase section */

/* Begin XCBuildConfiguration section */
1F2E3D4C1B2A090807060508 /* Debug */ = {
isa = XCBuildConfiguration;
buildSettings = {
ALWAYS_SEARCH_USER_PATHS = NO;
CLANG_ANALYZER_NONNULL = YES;
CLANG_ANALYZER_NUMBER_OBJECT_CONVERSION = YES_AGGRESSIVE;
CLANG_CXX_LANGUAGE_STANDARD = "gnu++20";
CLANG_ENABLE_MODULES = YES;
CLANG_ENABLE_OBJC_ARC = YES;
CLANG_WARN_BLOCK_CAPTURE_AUTORELEASING = YES;
CLANG_WARN_BOOL_CONVERSION = YES;
CLANG_WARN_COMMA = YES;
CLANG_WARN_CONSTANT_CONVERSION = YES;
CLANG_WARN_DEPRECATED_OBJC_IMPLEMENTATIONS = YES;
CLANG_WARN_DIRECT_OBJC_ISA_USAGE = YES_ERROR;
CLANG_WARN_DOCUMENTATION_COMMENTS = YES;
CLANG_WARN_EMPTY_BODY = YES;
CLANG_WARN_ENUM_CONVERSION = YES;
CLANG_WARN_INFINITE_RECURSION = YES;
CLANG_WARN_INT_CONVERSION = YES;
CLANG_WARN_NON_LITERAL_NULL_CONVERSION = YES;
CLANG_WARN_OBJC_IMPLICIT_RETAIN_SELF = YES;
CLANG_WARN_OBJC_LITERAL_CONVERSION = YES;
CLANG_WARN_QUOTED_INCLUDE_IN_FRAMEWORK_HEADER = YES;
CLANG_WARN_RANGE_LOOP_ANALYSIS = YES;
CLANG_WARN_STRICT_PROTOTYPES = YES;
CLANG_WARN_SUSPICIOUS_MOVE = YES;
CLANG_WARN_UNGUARDED_AVAILABILITY = YES_AGGRESSIVE;
CODE_SIGN_STYLE = Automatic;
CURRENT_PROJECT_VERSION = 1;
DEVELOPMENT_ASSET_PATHS = "\"Swatchboard/Preview Content\"";
DEVELOPMENT_TEAM = "";
ENABLE_PREVIEWS = YES;
GENERATE_INFOPLIST_FILE = NO;
INFOPLIST_FILE = Swatchboard/Resources/Info.plist;
IPHONEOS_DEPLOYMENT_TARGET = 16.0;
LD_RUNPATH_SEARCH_PATHS = "$(inherited) @executable_path/Frameworks";
MARKETING_VERSION = 1.0;
MTL_ENABLE_DEBUG_INFO = INCLUDE_SOURCE;
MTL_FAST_MATH = YES;
PRODUCT_BUNDLE_IDENTIFIER = com.example.swatchboard;
PRODUCT_NAME = "$(TARGET_NAME)";
SDKROOT = iphoneos;
SWIFT_EMIT_LOC_STRINGS = YES;
SWIFT_VERSION = 5.0;
TARGETED_DEVICE_FAMILY = "1,2";
};
name = Debug;
};
1F2E3D4C1B2A090807060509 /* Release */ = {
isa = XCBuildConfiguration;
buildSettings = {
ALWAYS_SEARCH_USER_PATHS = NO;
CLANG_ANALYZER_NONNULL = YES;
CLANG_ANALYZER_NUMBER_OBJECT_CONVERSION = YES_AGGRESSIVE;
CLANG_CXX_LANGUAGE_STANDARD = "gnu++20";
CLANG_ENABLE_MODULES = YES;
CLANG_ENABLE_OBJC_ARC = YES;
CLANG_WARN_BLOCK_CAPTURE_AUTORELEASING = YES;
CLANG_WARN_BOOL_CONVERSION = YES;
CLANG_WARN_COMMA = YES;
CLANG_WARN_CONSTANT_CONVERSION = YES;
CLANG_WARN_DEPRECATED_OBJC_IMPLEMENTATIONS = YES;
CLANG_WARN_DIRECT_OBJC_ISA_USAGE = YES_ERROR;
CLANG_WARN_DOCUMENTATION_COMMENTS = YES;
CLANG_WARN_EMPTY_BODY = YES;
CLANG_WARN_ENUM_CONVERSION = YES;
CLANG_WARN_INFINITE_RECURSION = YES;
CLANG_WARN_INT_CONVERSION = YES;
CLANG_WARN_NON_LITERAL_NULL_CONVERSION = YES;
CLANG_WARN_OBJC_IMPLICIT_RETAIN_SELF = YES;
CLANG_WARN_OBJC_LITERAL_CONVERSION = YES;
CLANG_WARN_QUOTED_INCLUDE_IN_FRAMEWORK_HEADER = YES;
CLANG_WARN_RANGE_LOOP_ANALYSIS = YES;
CLANG_WARN_STRICT_PROTOTYPES = YES;
CLANG_WARN_SUSPICIOUS_MOVE = YES;
CLANG_WARN_UNGUARDED_AVAILABILITY = YES_AGGRESSIVE;
CODE_SIGN_STYLE = Automatic;
CURRENT_PROJECT_VERSION = 1;
DEVELOPMENT_ASSET_PATHS = "\"Swatchboard/Preview Content\"";
DEVELOPMENT_TEAM = "";
ENABLE_NS_ASSERTIONS = NO;
ENABLE_PREVIEWS = YES;
GENERATE_INFOPLIST_FILE = NO;
INFOPLIST_FILE = Swatchboard/Resources/Info.plist;
IPHONEOS_DEPLOYMENT_TARGET = 16.0;
LD_RUNPATH_SEARCH_PATHS = "$(inherited) @executable_path/Frameworks";
MARKETING_VERSION = 1.0;
MTL_ENABLE_DEBUG_INFO = NO;
MTL_FAST_MATH = YES;
PRODUCT_BUNDLE_IDENTIFIER = com.example.swatchboard;
PRODUCT_NAME = "$(TARGET_NAME)";
SDKROOT = iphoneos;
SWIFT_EMIT_LOC_STRINGS = YES;
SWIFT_OPTIMIZATION_LEVEL = "-O";
SWIFT_VERSION = 5.0;
TARGETED_DEVICE_FAMILY = "1,2";
VALIDATE_PRODUCT = YES;
};
name = Release;
};
/* End XCBuildConfiguration section */

/* Begin XCConfigurationList section */
1F2E3D4C1B2A090807060503 /* Build configuration list for PBXProject "Swatchboard" */ = {
isa = XCConfigurationList;
buildConfigurations = (
1F2E3D4C1B2A090807060508 /* Debug */,
1F2E3D4C1B2A090807060509 /* Release */,
);
defaultConfigurationIsVisible = 0;
defaultConfigurationName = Debug;
};
1F2E3D4C1B2A090807060507 /* Build configuration list for PBXNativeTarget "Swatchboard" */ = {
isa = XCConfigurationList;
buildConfigurations = (
1F2E3D4C1B2A090807060508 /* Debug */,
1F2E3D4C1B2A090807060509 /* Release */,
);
defaultConfigurationIsVisible = 0;
defaultConfigurationName = Debug;
};
/* End XCConfigurationList section */

};
rootObject = 1F2E3D4C1B2A090807060504 /* Project object */;
}
